schema: '2.0'
stages:
  get_data:
    cmd: python get_data.py
    deps:
    - path: get_data.py
      md5: 96c3c495c4a5aa3443c248f9b430fc80
      size: 605
    outs:
    - path: data_raw.csv
      md5: a6aec8da63a5fa2619af025a76746f29
      size: 68868
  process:
    cmd: python process_data.py
    deps:
    - path: data_raw.csv
      md5: a6aec8da63a5fa2619af025a76746f29
      size: 68868
    - path: process_data.py
      md5: 430ece12bf77fd0df4b72d9bb54e49c6
      size: 1017
    outs:
    - path: data_processed.csv
      md5: 3b20a3a6ac0570f3de28b77d1e88f932
      size: 24627
  train:
    cmd: python train.py
    deps:
    - path: data_processed.csv
      md5: 3b20a3a6ac0570f3de28b77d1e88f932
      size: 24627
    - path: train.py
      md5: 962bc240cf3806f17acf9c2d03586e2f
      size: 1522
    outs:
    - path: by_region.png
      md5: 82b427524c3d3861f2f82bcb7fe04983
      size: 7912
    - path: metrics.json
      md5: f4844c28505568f336c5f91db3f1beb3
      size: 89
